
Microsoft Visual Studio Solution File, Format Version 12.00
# Visual Studio Version 16
VisualStudioVersion = 16.0.30330.147
MinimumVisualStudioVersion = 10.0.40219.1
Project("{FAE04EC0-301F-11D3-BF4B-00C04F79EFBC}") = "dotnet-parallel", "dotnet-parallel\dotnet-parallel.csproj", "{08E58163-E6AB-472F-9B9D-B2DBE3F723FE}"
EndProject
Global
	GlobalSection(SolutionConfigurationPlatforms) = preSolution
		Debug|Any CPU = Debug|Any CPU
		Release|Any CPU = Release|Any CPU
	EndGlobalSection
	GlobalSection(ProjectConfigurationPlatforms) = postSolution
		{08E58163-E6AB-472F-9B9D-B2DBE3F723FE}.Debug|Any CPU.ActiveCfg = Debug|Any CPU
		{08E58163-E6AB-472F-9B9D-B2DBE3F723FE}.Debug|Any CPU.Build.0 = Debug|Any CPU
		{08E58163-E6AB-472F-9B9D-B2DBE3F723FE}.Release|Any CPU.ActiveCfg = Release|Any CPU
		{08E58163-E6AB-472F-9B9D-B2DBE3F723FE}.Release|Any CPU.Build.0 = Release|Any CPU
	EndGlobalSection
	GlobalSection(SolutionProperties) = preSolution
		HideSolutionNode = FALSE
	EndGlobalSection
	GlobalSection(ExtensibilityGlobals) = postSolution
		SolutionGuid = {2B5BC876-3B84-4A65-8030-58304BA49703}
	EndGlobalSection
EndGlobal
